// !$*UTF8*$!
{
	archiveVersion = 1;
	classes = {
	};
	objectVersion = 50;
	objects = {

/* Begin PBXBuildFile section */
		392E61B226F8A6CC0036B8B5 /* AppDelegate.swift in Sources */ = {isa = PBXBuildFile; fileRef = 392E61B126F8A6CC0036B8B5 /* AppDelegate.swift */; };
		392E61BB26F8A6CD0036B8B5 /* Assets.xcassets in Resources */ = {isa = PBXBuildFile; fileRef = 392E61BA26F8A6CD0036B8B5 /* Assets.xcassets */; };
		392E61BE26F8A6CD0036B8B5 /* LaunchScreen.storyboard in Resources */ = {isa = PBXBuildFile; fileRef = 392E61BC26F8A6CD0036B8B5 /* LaunchScreen.storyboard */; };
		392E61D026F8AA420036B8B5 /* HomeViewController.swift in Sources */ = {isa = PBXBuildFile; fileRef = 392E61CE26F8AA420036B8B5 /* HomeViewController.swift */; };
		392E61D126F8AA420036B8B5 /* HomeViewController.xib in Resources */ = {isa = PBXBuildFile; fileRef = 392E61CF26F8AA420036B8B5 /* HomeViewController.xib */; };
		392E61D626F8AC4C0036B8B5 /* ResultViewController.swift in Sources */ = {isa = PBXBuildFile; fileRef = 392E61D426F8AC4C0036B8B5 /* ResultViewController.swift */; };
		392E61D726F8AC4C0036B8B5 /* ResultViewController.xib in Resources */ = {isa = PBXBuildFile; fileRef = 392E61D526F8AC4C0036B8B5 /* ResultViewController.xib */; };
		392E61DF26F8ACF10036B8B5 /* QuestionViewController.swift in Sources */ = {isa = PBXBuildFile; fileRef = 392E61DD26F8ACF10036B8B5 /* QuestionViewController.swift */; };
		392E61E026F8ACF10036B8B5 /* QuestionViewController.xib in Resources */ = {isa = PBXBuildFile; fileRef = 392E61DE26F8ACF10036B8B5 /* QuestionViewController.xib */; };
		392E61E326F8B0080036B8B5 /* AnswerCell.swift in Sources */ = {isa = PBXBuildFile; fileRef = 392E61E126F8B0080036B8B5 /* AnswerCell.swift */; };
		392E61E426F8B0080036B8B5 /* AnswerCell.xib in Resources */ = {isa = PBXBuildFile; fileRef = 392E61E226F8B0080036B8B5 /* AnswerCell.xib */; };
		392E61E726F8B0E20036B8B5 /* QuestionModel.swift in Sources */ = {isa = PBXBuildFile; fileRef = 392E61E626F8B0E20036B8B5 /* QuestionModel.swift */; };
		392E61E926F8B1070036B8B5 /* AnswerModel.swift in Sources */ = {isa = PBXBuildFile; fileRef = 392E61E826F8B1070036B8B5 /* AnswerModel.swift */; };
/* End PBXBuildFile section */

/* Begin PBXFileReference section */
		392E61AE26F8A6CC0036B8B5 /* primeiroChallenge.app */ = {isa = PBXFileReference; explicitFileType = wrapper.application; includeInIndex = 0; path = primeiroChallenge.app; sourceTree = BUILT_PRODUCTS_DIR; };
		392E61B126F8A6CC0036B8B5 /* AppDelegate.swift */ = {isa = PBXFileReference; lastKnownFileType = sourcecode.swift; path = AppDelegate.swift; sourceTree = "<group>"; };
		392E61BA26F8A6CD0036B8B5 /* Assets.xcassets */ = {isa = PBXFileReference; lastKnownFileType = folder.assetcatalog; path = Assets.xcassets; sourceTree = "<group>"; };
		392E61BD26F8A6CD0036B8B5 /* Base */ = {isa = PBXFileReference; lastKnownFileType = file.storyboard; name = Base; path = Base.lproj/LaunchScreen.storyboard; sourceTree = "<group>"; };
		392E61BF26F8A6CD0036B8B5 /* Info.plist */ = {isa = PBXFileReference; lastKnownFileType = text.plist.xml; path = Info.plist; sourceTree = "<group>"; };
		392E61CE26F8AA420036B8B5 /* HomeViewController.swift */ = {isa = PBXFileReference; lastKnownFileType = sourcecode.swift; path = HomeViewController.swift; sourceTree = "<group>"; };
		392E61CF26F8AA420036B8B5 /* HomeViewController.xib */ = {isa = PBXFileReference; lastKnownFileType = file.xib; path = HomeViewController.xib; sourceTree = "<group>"; };
		392E61D426F8AC4C0036B8B5 /* ResultViewController.swift */ = {isa = PBXFileReference; lastKnownFileType = sourcecode.swift; path = ResultViewController.swift; sourceTree = "<group>"; };
		392E61D526F8AC4C0036B8B5 /* ResultViewController.xib */ = {isa = PBXFileReference; lastKnownFileType = file.xib; path = ResultViewController.xib; sourceTree = "<group>"; };
		392E61DD26F8ACF10036B8B5 /* QuestionViewController.swift */ = {isa = PBXFileReference; lastKnownFileType = sourcecode.swift; path = QuestionViewController.swift; sourceTree = "<group>"; };
		392E61DE26F8ACF10036B8B5 /* QuestionViewController.xib */ = {isa = PBXFileReference; lastKnownFileType = file.xib; path = QuestionViewController.xib; sourceTree = "<group>"; };
		392E61E126F8B0080036B8B5 /* AnswerCell.swift */ = {isa = PBXFileReference; lastKnownFileType = sourcecode.swift; path = AnswerCell.swift; sourceTree = "<group>"; };
		392E61E226F8B0080036B8B5 /* AnswerCell.xib */ = {isa = PBXFileReference; lastKnownFileType = file.xib; path = AnswerCell.xib; sourceTree = "<group>"; };
		392E61E626F8B0E20036B8B5 /* QuestionModel.swift */ = {isa = PBXFileReference; lastKnownFileType = sourcecode.swift; path = QuestionModel.swift; sourceTree = "<group>"; };
		392E61E826F8B1070036B8B5 /* AnswerModel.swift */ = {isa = PBXFileReference; lastKnownFileType = sourcecode.swift; path = AnswerModel.swift; sourceTree = "<group>"; };
/* End PBXFileReference section */

/* Begin PBXFrameworksBuildPhase section */
		392E61AB26F8A6CC0036B8B5 /* Frameworks */ = {
			isa = PBXFrameworksBuildPhase;
			buildActionMask = 2147483647;
			files = (
			);
			runOnlyForDeploymentPostprocessing = 0;
		};
/* End PBXFrameworksBuildPhase section */

/* Begin PBXGroup section */
		392E61A526F8A6CC0036B8B5 = {
			isa = PBXGroup;
			children = (
				392E61B026F8A6CC0036B8B5 /* primeiroChallenge */,
				392E61AF26F8A6CC0036B8B5 /* Products */,
			);
			sourceTree = "<group>";
		};
		392E61AF26F8A6CC0036B8B5 /* Products */ = {
			isa = PBXGroup;
			children = (
				392E61AE26F8A6CC0036B8B5 /* primeiroChallenge.app */,
			);
			name = Products;
			sourceTree = "<group>";
		};
		392E61B026F8A6CC0036B8B5 /* primeiroChallenge */ = {
			isa = PBXGroup;
			children = (
				392E61CA26F8A8020036B8B5 /* Scenes */,
				392E61CC26F8A8190036B8B5 /* Sources */,
				392E61CB26F8A80A0036B8B5 /* Resources */,
			);
			path = primeiroChallenge;
			sourceTree = "<group>";
		};
		392E61CA26F8A8020036B8B5 /* Scenes */ = {
			isa = PBXGroup;
			children = (
				392E61E526F8B07A0036B8B5 /* Model */,
				392E61CD26F8A8DE0036B8B5 /* Home */,
				392E61D326F8AC030036B8B5 /* View */,
				392E61D226F8AB9D0036B8B5 /* Result */,
			);
			path = Scenes;
			sourceTree = "<group>";
		};
		392E61CB26F8A80A0036B8B5 /* Resources */ = {
			isa = PBXGroup;
			children = (
				392E61BA26F8A6CD0036B8B5 /* Assets.xcassets */,
				392E61BC26F8A6CD0036B8B5 /* LaunchScreen.storyboard */,
				392E61BF26F8A6CD0036B8B5 /* Info.plist */,
			);
			path = Resources;
			sourceTree = "<group>";
		};
		392E61CC26F8A8190036B8B5 /* Sources */ = {
			isa = PBXGroup;
			children = (
				392E61B126F8A6CC0036B8B5 /* AppDelegate.swift */,
			);
			path = Sources;
			sourceTree = "<group>";
		};
		392E61CD26F8A8DE0036B8B5 /* Home */ = {
			isa = PBXGroup;
			children = (
				392E61CE26F8AA420036B8B5 /* HomeViewController.swift */,
				392E61CF26F8AA420036B8B5 /* HomeViewController.xib */,
			);
			path = Home;
			sourceTree = "<group>";
		};
		392E61D226F8AB9D0036B8B5 /* Result */ = {
			isa = PBXGroup;
			children = (
				392E61D426F8AC4C0036B8B5 /* ResultViewController.swift */,
				392E61D526F8AC4C0036B8B5 /* ResultViewController.xib */,
			);
			path = Result;
			sourceTree = "<group>";
		};
		392E61D326F8AC030036B8B5 /* View */ = {
			isa = PBXGroup;
			children = (
				392E61D826F8AC5A0036B8B5 /* Cell */,
				392E61DD26F8ACF10036B8B5 /* QuestionViewController.swift */,
				392E61DE26F8ACF10036B8B5 /* QuestionViewController.xib */,
			);
			path = View;
			sourceTree = "<group>";
		};
		392E61D826F8AC5A0036B8B5 /* Cell */ = {
			isa = PBXGroup;
			children = (
				392E61E126F8B0080036B8B5 /* AnswerCell.swift */,
				392E61E226F8B0080036B8B5 /* AnswerCell.xib */,
			);
			path = Cell;
			sourceTree = "<group>";
		};
		392E61E526F8B07A0036B8B5 /* Model */ = {
			isa = PBXGroup;
			children = (
				392E61E626F8B0E20036B8B5 /* QuestionModel.swift */,
				392E61E826F8B1070036B8B5 /* AnswerModel.swift */,
			);
			path = Model;
			sourceTree = "<group>";
		};
/* End PBXGroup section */

/* Begin PBXNativeTarget section */
		392E61AD26F8A6CC0036B8B5 /* primeiroChallenge */ = {
			isa = PBXNativeTarget;
			buildConfigurationList = 392E61C226F8A6CD0036B8B5 /* Build configuration list for PBXNativeTarget "primeiroChallenge" */;
			buildPhases = (
				392E61AA26F8A6CC0036B8B5 /* Sources */,
				392E61AB26F8A6CC0036B8B5 /* Frameworks */,
				392E61AC26F8A6CC0036B8B5 /* Resources */,
			);
			buildRules = (
			);
			dependencies = (
			);
			name = primeiroChallenge;
			productName = primeiroChallenge;
			productReference = 392E61AE26F8A6CC0036B8B5 /* primeiroChallenge.app */;
			productType = "com.apple.product-type.application";
		};
/* End PBXNativeTarget section */

/* Begin PBXProject section */
		392E61A626F8A6CC0036B8B5 /* Project object */ = {
			isa = PBXProject;
			attributes = {
				LastSwiftUpdateCheck = 1250;
				LastUpgradeCheck = 1250;
				TargetAttributes = {
					392E61AD26F8A6CC0036B8B5 = {
						CreatedOnToolsVersion = 12.5.1;
					};
				};
			};
			buildConfigurationList = 392E61A926F8A6CC0036B8B5 /* Build configuration list for PBXProject "primeiroChallenge" */;
			compatibilityVersion = "Xcode 9.3";
			developmentRegion = en;
			hasScannedForEncodings = 0;
			knownRegions = (
				en,
				Base,
			);
			mainGroup = 392E61A526F8A6CC0036B8B5;
			productRefGroup = 392E61AF26F8A6CC0036B8B5 /* Products */;
			projectDirPath = "";
			projectRoot = "";
			targets = (
				392E61AD26F8A6CC0036B8B5 /* primeiroChallenge */,
			);
		};
/* End PBXProject section */

/* Begin PBXResourcesBuildPhase section */
		392E61AC26F8A6CC0036B8B5 /* Resources */ = {
			isa = PBXResourcesBuildPhase;
			buildActionMask = 2147483647;
			files = (
				392E61BE26F8A6CD0036B8B5 /* LaunchScreen.storyboard in Resources */,
				392E61E426F8B0080036B8B5 /* AnswerCell.xib in Resources */,
				392E61BB26F8A6CD0036B8B5 /* Assets.xcassets in Resources */,
				392E61E026F8ACF10036B8B5 /* QuestionViewController.xib in Resources */,
				392E61D126F8AA420036B8B5 /* HomeViewController.xib in Resources */,
				392E61D726F8AC4C0036B8B5 /* ResultViewController.xib in Resources */,
			);
			runOnlyForDeploymentPostprocessing = 0;
		};
/* End PBXResourcesBuildPhase section */

/* Begin PBXSourcesBuildPhase section */
		392E61AA26F8A6CC0036B8B5 /* Sources */ = {
			isa = PBXSourcesBuildPhase;
			buildActionMask = 2147483647;
			files = (
				392E61B226F8A6CC0036B8B5 /* AppDelegate.swift in Sources */,
				392E61DF26F8ACF10036B8B5 /* QuestionViewController.swift in Sources */,
				392E61E926F8B1070036B8B5 /* AnswerModel.swift in Sources */,
				392E61D026F8AA420036B8B5 /* HomeViewController.swift in Sources */,
				392E61E726F8B0E20036B8B5 /* QuestionModel.swift in Sources */,
				392E61D626F8AC4C0036B8B5 /* ResultViewController.swift in Sources */,
				392E61E326F8B0080036B8B5 /* AnswerCell.swift in Sources */,
			);
			runOnlyForDeploymentPostprocessing = 0;
		};
/* End PBXSourcesBuildPhase section */

/* Begin PBXVariantGroup section */
		392E61BC26F8A6CD0036B8B5 /* LaunchScreen.storyboard */ = {
			isa = PBXVariantGroup;
			children = (
				392E61BD26F8A6CD0036B8B5 /* Base */,
			);
			name = LaunchScreen.storyboard;
			sourceTree = "<group>";
		};
/* End PBXVariantGroup section */

/* Begin XCBuildConfiguration section */
		392E61C026F8A6CD0036B8B5 /* Debug */ = {
			isa = XCBuildConfiguration;
			buildSettings = {
				ALWAYS_SEARCH_USER_PATHS = NO;
				CLANG_ANALYZER_NONNULL = YES;
				CLANG_ANALYZER_NUMBER_OBJECT_CONVERSION = YES_AGGRESSIVE;
				CLANG_CXX_LANGUAGE_STANDARD = "gnu++14";
				CLANG_CXX_LIBRARY = "libc++";
				CLANG_ENABLE_MODULES = YES;
				CLANG_ENABLE_OBJC_ARC = YES;
				CLANG_ENABLE_OBJC_WEAK = YES;
				CLANG_WARN_BLOCK_CAPTURE_AUTORELEASING = YES;
				CLANG_WARN_BOOL_CONVERSION = YES;
				CLANG_WARN_COMMA = YES;
				CLANG_WARN_CONSTANT_CONVERSION = YES;
				CLANG_WARN_DEPRECATED_OBJC_IMPLEMENTATIONS = YES;
				CLANG_WARN_DIRECT_OBJC_ISA_USAGE = YES_ERROR;
				CLANG_WARN_DOCUMENTATION_COMMENTS = YES;
				CLANG_WARN_EMPTY_BODY = YES;
				CLANG_WARN_ENUM_CONVERSION = YES;
				CLANG_WARN_INFINITE_RECURSION = YES;
				CLANG_WARN_INT_CONVERSION = YES;
				CLANG_WARN_NON_LITERAL_NULL_CONVERSION = YES;
				CLANG_WARN_OBJC_IMPLICIT_RETAIN_SELF = YES;
				CLANG_WARN_OBJC_LITERAL_CONVERSION = YES;
				CLANG_WARN_OBJC_ROOT_CLASS = YES_ERROR;
				CLANG_WARN_QUOTED_INCLUDE_IN_FRAMEWORK_HEADER = YES;
				CLANG_WARN_RANGE_LOOP_ANALYSIS = YES;
				CLANG_WARN_STRICT_PROTOTYPES = YES;
				CLANG_WARN_SUSPICIOUS_MOVE = YES;
				CLANG_WARN_UNGUARDED_AVAILABILITY = YES_AGGRESSIVE;
				CLANG_WARN_UNREACHABLE_CODE = YES;
				CLANG_WARN__DUPLICATE_METHOD_MATCH = YES;
				COPY_PHASE_STRIP = NO;
				DEBUG_INFORMATION_FORMAT = dwarf;
				ENABLE_STRICT_OBJC_MSGSEND = YES;
				ENABLE_TESTABILITY = YES;
				GCC_C_LANGUAGE_STANDARD = gnu11;
				GCC_DYNAMIC_NO_PIC = NO;
				GCC_NO_COMMON_BLOCKS = YES;
				GCC_OPTIMIZATION_LEVEL = 0;
				GCC_PREPROCESSOR_DEFINITIONS = (
					"DEBUG=1",
					"$(inherited)",
				);
				GCC_WARN_64_TO_32_BIT_CONVERSION = YES;
				GCC_WARN_ABOUT_RETURN_TYPE = YES_ERROR;
				GCC_WARN_UNDECLARED_SELECTOR = YES;
				GCC_WARN_UNINITIALIZED_AUTOS = YES_AGGRESSIVE;
				GCC_WARN_UNUSED_FUNCTION = YES;
				GCC_WARN_UNUSED_VARIABLE = YES;
				IPHONEOS_DEPLOYMENT_TARGET = 14.5;
				MTL_ENABLE_DEBUG_INFO = INCLUDE_SOURCE;
				MTL_FAST_MATH = YES;
				ONLY_ACTIVE_ARCH = YES;
				SDKROOT = iphoneos;
				SWIFT_ACTIVE_COMPILATION_CONDITIONS = DEBUG;
				SWIFT_OPTIMIZATION_LEVEL = "-Onone";
			};
			name = Debug;
		};
		392E61C126F8A6CD0036B8B5 /* Release */ = {
			isa = XCBuildConfiguration;
			buildSettings = {
				ALWAYS_SEARCH_USER_PATHS = NO;
				CLANG_ANALYZER_NONNULL = YES;
				CLANG_ANALYZER_NUMBER_OBJECT_CONVERSION = YES_AGGRESSIVE;
				CLANG_CXX_LANGUAGE_STANDARD = "gnu++14";
				CLANG_CXX_LIBRARY = "libc++";
				CLANG_ENABLE_MODULES = YES;
				CLANG_ENABLE_OBJC_ARC = YES;
				CLANG_ENABLE_OBJC_WEAK = YES;
				CLANG_WARN_BLOCK_CAPTURE_AUTORELEASING = YES;
				CLANG_WARN_BOOL_CONVERSION = YES;
				CLANG_WARN_COMMA = YES;
				CLANG_WARN_CONSTANT_CONVERSION = YES;
				CLANG_WARN_DEPRECATED_OBJC_IMPLEMENTATIONS = YES;
				CLANG_WARN_DIRECT_OBJC_ISA_USAGE = YES_ERROR;
				CLANG_WARN_DOCUMENTATION_COMMENTS = YES;
				CLANG_WARN_EMPTY_BODY = YES;
				CLANG_WARN_ENUM_CONVERSION = YES;
				CLANG_WARN_INFINITE_RECURSION = YES;
				CLANG_WARN_INT_CONVERSION = YES;
				CLANG_WARN_NON_LITERAL_NULL_CONVERSION = YES;
				CLANG_WARN_OBJC_IMPLICIT_RETAIN_SELF = YES;
				CLANG_WARN_OBJC_LITERAL_CONVERSION = YES;
				CLANG_WARN_OBJC_ROOT_CLASS = YES_ERROR;
				CLANG_WARN_QUOTED_INCLUDE_IN_FRAMEWORK_HEADER = YES;
				CLANG_WARN_RANGE_LOOP_ANALYSIS = YES;
				CLANG_WARN_STRICT_PROTOTYPES = YES;
				CLANG_WARN_SUSPICIOUS_MOVE = YES;
				CLANG_WARN_UNGUARDED_AVAILABILITY = YES_AGGRESSIVE;
				CLANG_WARN_UNREACHABLE_CODE = YES;
				CLANG_WARN__DUPLICATE_METHOD_MATCH = YES;
				COPY_PHASE_STRIP = NO;
				DEBUG_INFORMATION_FORMAT = "dwarf-with-dsym";
				ENABLE_NS_ASSERTIONS = NO;
				ENABLE_STRICT_OBJC_MSGSEND = YES;
				GCC_C_LANGUAGE_STANDARD = gnu11;
				GCC_NO_COMMON_BLOCKS = YES;
				GCC_WARN_64_TO_32_BIT_CONVERSION = YES;
				GCC_WARN_ABOUT_RETURN_TYPE = YES_ERROR;
				GCC_WARN_UNDECLARED_SELECTOR = YES;
				GCC_WARN_UNINITIALIZED_AUTOS = YES_AGGRESSIVE;
				GCC_WARN_UNUSED_FUNCTION = YES;
				GCC_WARN_UNUSED_VARIABLE = YES;
				IPHONEOS_DEPLOYMENT_TARGET = 14.5;
				MTL_ENABLE_DEBUG_INFO = NO;
				MTL_FAST_MATH = YES;
				SDKROOT = iphoneos;
				SWIFT_COMPILATION_MODE = wholemodule;
				SWIFT_OPTIMIZATION_LEVEL = "-O";
				VALIDATE_PRODUCT = YES;
			};
			name = Release;
		};
		392E61C326F8A6CD0036B8B5 /* Debug */ = {
			isa = XCBuildConfiguration;
			buildSettings = {
				ASSETCATALOG_COMPILER_APPICON_NAME = AppIcon;
				ASSETCATALOG_COMPILER_GLOBAL_ACCENT_COLOR_NAME = AccentColor;
				CODE_SIGN_STYLE = Automatic;
				DEVELOPMENT_TEAM = 89XD3Z4SZ9;
				INFOPLIST_FILE = primeiroChallenge/Resources/Info.plist;
				IPHONEOS_DEPLOYMENT_TARGET = 12.1;
				LD_RUNPATH_SEARCH_PATHS = (
					"$(inherited)",
					"@executable_path/Frameworks",
				);
				PRODUCT_BUNDLE_IDENTIFIER = com.claudionoberto.primeiroChallenge;
				PRODUCT_NAME = "$(TARGET_NAME)";
				SWIFT_VERSION = 5.0;
				TARGETED_DEVICE_FAMILY = 1;
			};
			name = Debug;
		};
		392E61C426F8A6CD0036B8B5 /* Release */ = {
			isa = XCBuildConfiguration;
			buildSettings = {
				ASSETCATALOG_COMPILER_APPICON_NAME = AppIcon;
				ASSETCATALOG_COMPILER_GLOBAL_ACCENT_COLOR_NAME = AccentColor;
				CODE_SIGN_STYLE = Automatic;
				DEVELOPMENT_TEAM = 89XD3Z4SZ9;
				INFOPLIST_FILE = primeiroChallenge/Resources/Info.plist;
				IPHONEOS_DEPLOYMENT_TARGET = 12.1;
				LD_RUNPATH_SEARCH_PATHS = (
					"$(inherited)",
					"@executable_path/Frameworks",
				);
				PRODUCT_BUNDLE_IDENTIFIER = com.claudionoberto.primeiroChallenge;
				PRODUCT_NAME = "$(TARGET_NAME)";
				SWIFT_VERSION = 5.0;
				TARGETED_DEVICE_FAMILY = 1;
			};
			name = Release;
		};
/* End XCBuildConfiguration section */

/* Begin XCConfigurationList section */
		392E61A926F8A6CC0036B8B5 /* Build configuration list for PBXProject "primeiroChallenge" */ = {
			isa = XCConfigurationList;
			buildConfigurations = (
				392E61C026F8A6CD0036B8B5 /* Debug */,
				392E61C126F8A6CD0036B8B5 /* Release */,
			);
			defaultConfigurationIsVisible = 0;
			defaultConfigurationName = Release;
		};
		392E61C226F8A6CD0036B8B5 /* Build configuration list for PBXNativeTarget "primeiroChallenge" */ = {
			isa = XCConfigurationList;
			buildConfigurations = (
				392E61C326F8A6CD0036B8B5 /* Debug */,
				392E61C426F8A6CD0036B8B5 /* Release */,
			);
			defaultConfigurationIsVisible = 0;
			defaultConfigurationName = Release;
		};
/* End XCConfigurationList section */
	};
	rootObject = 392E61A626F8A6CC0036B8B5 /* Project object */;
}
